
Microsoft Visual Studio Solution File, Format Version 12.00
# Visual Studio Version 16
VisualStudioVersion = 16.0.30503.244
MinimumVisualStudioVersion = 10.0.40219.1
Project("{FAE04EC0-301F-11D3-BF4B-00C04F79EFBC}") = "MX Simulator Track Scaler", "MX Simulator Track Scaler.csproj", "{3116CCB3-1FC0-4748-A260-585C2192DCF2}"
EndProject
Global
	GlobalSection(SolutionConfigurationPlatforms) = preSolution
		Debug|Any CPU = Debug|Any CPU
		Release|Any CPU = Release|Any CPU
	EndGlobalSection
	GlobalSection(ProjectConfigurationPlatforms) = postSolution
		{3116CCB3-1FC0-4748-A260-585C2192DCF2}.Debug|Any CPU.ActiveCfg = Debug|Any CPU
		{3116CCB3-1FC0-4748-A260-585C2192DCF2}.Debug|Any CPU.Build.0 = Debug|Any CPU
		{3116CCB3-1FC0-4748-A260-585C2192DCF2}.Release|Any CPU.ActiveCfg = Release|Any CPU
		{3116CCB3-1FC0-4748-A260-585C2192DCF2}.Release|Any CPU.Build.0 = Release|Any CPU
	EndGlobalSection
	GlobalSection(SolutionProperties) = preSolution
		HideSolutionNode = FALSE
	EndGlobalSection
	GlobalSection(ExtensibilityGlobals) = postSolution
		SolutionGuid = {C82A2F24-9D79-45FC-BB64-8528BA807869}
	EndGlobalSection
EndGlobal
